<?xml version="1.0" encoding="UTF-8"?>
<CONFIG>
  <ProjectOptions>
    <Version Value="13"/>
    <PathDelim Value="\"/>
    <General>
      <Flags>
        <LRSInOutputDirectory Value="False"/>
      </Flags>
      <Title Value="SpringOne"/>
      <Scaled Value="True"/>
      <ResourceType Value="res"/>
      <UseXPManifest Value="True"/>
      <XPManifest>
        <DpiAware Value="True"/>
      </XPManifest>
      <Icon Value="0"/>
      <Resources Count="3">
        <Resource_0 FileName="template\template.svg" Type="RCDATA" ResourceName="TEMPLATE"/>
        <Resource_1 FileName="images\background.png" Type="RCDATA" ResourceName="BACKGROUND"/>
        <Resource_2 FileName="template\templateblack.svg" Type="RCDATA" ResourceName="TEMPLATEBLACK"/>
      </Resources>
    </General>
    <i18n>
      <EnableI18N LFM="False"/>
      <OutDir Value="languages"/>
    </i18n>
    <VersionInfo>
      <UseVersionInfo Value="True"/>
      <MinorVersionNr Value="2"/>
      <Language Value="0809"/>
      <Attributes pvaPreRelease="True"/>
      <StringTable CompanyName="Melchiorre Caruso" FileDescription="Helical Compression Spring Designer" ProductName="SpringONE"/>
    </VersionInfo>
    <BuildModes Active="Release-ONE">
      <Item Name="Debug-ONE" Default="True"/>
      <Item Name="Release-ONE">
        <CompilerOptions>
          <Version Value="11"/>
          <PathDelim Value="\"/>
          <Target>
            <Filename Value="build\springone"/>
          </Target>
          <SearchPaths>
            <IncludeFiles Value="$(ProjOutDir)"/>
            <Libraries Value="src"/>
            <OtherUnitFiles Value="src"/>
            <UnitOutputDirectory Value="build\lib"/>
          </SearchPaths>
          <CodeGeneration>
            <SmartLinkUnit Value="True"/>
            <Optimizations>
              <OptimizationLevel Value="0"/>
            </Optimizations>
          </CodeGeneration>
          <Linking>
            <Debugging>
              <GenerateDebugInfo Value="False"/>
              <RunWithoutDebug Value="True"/>
              <UseLineInfoUnit Value="False"/>
              <StripSymbols Value="True"/>
            </Debugging>
            <LinkSmart Value="True"/>
            <Options>
              <Win32>
                <GraphicApplication Value="True"/>
              </Win32>
            </Options>
          </Linking>
        </CompilerOptions>
      </Item>
      <Item Name="Debug-THREE">
        <CompilerOptions>
          <Version Value="11"/>
          <PathDelim Value="\"/>
          <Target>
            <Filename Value="build\springonedbg"/>
          </Target>
          <SearchPaths>
            <IncludeFiles Value="$(ProjOutDir)"/>
            <Libraries Value="src"/>
            <OtherUnitFiles Value="src"/>
            <UnitOutputDirectory Value="build\lib"/>
          </SearchPaths>
          <Parsing>
            <SyntaxOptions>
              <IncludeAssertionCode Value="True"/>
            </SyntaxOptions>
          </Parsing>
          <CodeGeneration>
            <Checks>
              <IOChecks Value="True"/>
              <RangeChecks Value="True"/>
              <OverflowChecks Value="True"/>
              <StackChecks Value="True"/>
            </Checks>
            <VerifyObjMethodCallValidity Value="True"/>
            <Optimizations>
              <OptimizationLevel Value="0"/>
            </Optimizations>
          </CodeGeneration>
          <Linking>
            <Debugging>
              <DebugInfoType Value="dsDwarf3"/>
              <UseHeaptrc Value="True"/>
            </Debugging>
            <Options>
              <Win32>
                <GraphicApplication Value="True"/>
              </Win32>
            </Options>
          </Linking>
        </CompilerOptions>
      </Item>
      <Item Name="Release-THREE">
        <CompilerOptions>
          <Version Value="11"/>
          <PathDelim Value="\"/>
          <Target>
            <Filename Value="build\springone"/>
          </Target>
          <SearchPaths>
            <IncludeFiles Value="$(ProjOutDir)"/>
            <Libraries Value="src"/>
            <OtherUnitFiles Value="src"/>
            <UnitOutputDirectory Value="build\lib"/>
          </SearchPaths>
          <CodeGeneration>
            <SmartLinkUnit Value="True"/>
          </CodeGeneration>
          <Linking>
            <Debugging>
              <GenerateDebugInfo Value="False"/>
              <RunWithoutDebug Value="True"/>
              <UseLineInfoUnit Value="False"/>
              <StripSymbols Value="True"/>
            </Debugging>
            <LinkSmart Value="True"/>
            <Options>
              <Win32>
                <GraphicApplication Value="True"/>
              </Win32>
            </Options>
          </Linking>
        </CompilerOptions>
      </Item>
      <SharedMatrixOptions Count="3">
        <Item1 ID="530613089769" Modes="Release-ONE,Release-THREE" Value="-dADIMOFF"/>
        <Item2 ID="185360502978" Modes="Release-ONE,Debug-ONE" Value="-dMODULE1"/>
        <Item3 ID="577221015989" Modes="Debug-THREE,Release-THREE" Value="-dMODULE3"/>
      </SharedMatrixOptions>
    </BuildModes>
    <ManyBuildModesSelection Value="Debug-ONE,Release-ONE"/>
    <PublishOptions>
      <Version Value="2"/>
      <UseFileFilters Value="True"/>
    </PublishOptions>
    <RunParams>
      <FormatVersion Value="2"/>
    </RunParams>
    <RequiredPackages>
      <Item>
        <PackageName Value="SpringLib"/>
      </Item>
      <Item>
        <PackageName Value="ADimPack"/>
      </Item>
      <Item>
        <PackageName Value="bgracontrols"/>
      </Item>
      <Item>
        <PackageName Value="Printer4Lazarus"/>
      </Item>
      <Item>
        <PackageName Value="LazControls"/>
      </Item>
      <Item>
        <PackageName Value="LazControlDsgn"/>
      </Item>
      <Item>
        <PackageName Value="BGRABitmapPack"/>
      </Item>
      <Item>
        <PackageName Value="LCL"/>
      </Item>
    </RequiredPackages>
    <Units>
      <Unit>
        <Filename Value="springone.lpr"/>
        <UnitName Value="SpringONE"/>
        <Loaded Value="True"/>
        <UsageCount Value="200"/>
        <EditorIndex Value="11"/>
        <TopLine Value="3"/>
        <CursorPos Y="41"/>
      </Unit>
      <Unit>
        <Filename Value="applicationfrm.pas"/>
        <IsPartOfProject Value="False"/>
        <ComponentName Value="ApplicationForm"/>
        <HasResources Value="True"/>
        <ResourceBaseClass Value="Form"/>
        <UnitName Value="ApplicationFrm"/>
        <UsageCount Value="178"/>
        <EditorIndex Value="-1"/>
        <CursorPos X="49"/>
      </Unit>
      <Unit>
        <Filename Value="EN13906_1.pas"/>
        <IsPartOfProject Value="False"/>
        <UsageCount Value="178"/>
        <EditorIndex Value="-1"/>
        <TopLine Value="116"/>
        <CursorPos X="14" Y="135"/>
      </Unit>
      <Unit>
        <Filename Value="GraphBase.pas"/>
        <IsPartOfProject Value="False"/>
        <UsageCount Value="178"/>
        <EditorIndex Value="-1"/>
        <TopLine Value="806"/>
        <CursorPos X="70" Y="362"/>
      </Unit>
      <Unit>
        <Filename Value="EN15800.pas"/>
        <IsPartOfProject Value="False"/>
        <UsageCount Value="179"/>
        <EditorIndex Value="-1"/>
        <TopLine Value="13"/>
        <CursorPos X="34" Y="213"/>
      </Unit>
      <Unit>
        <Filename Value="EN10270.pas"/>
        <IsPartOfProject Value="False"/>
        <UsageCount Value="178"/>
        <EditorIndex Value="-1"/>
        <TopLine Value="277"/>
        <CursorPos X="91" Y="288"/>
      </Unit>
      <Unit>
        <Filename Value="MainFrm.pas"/>
        <IsPartOfProject Value="False"/>
        <ComponentName Value="MainForm"/>
        <HasResources Value="True"/>
        <ResourceBaseClass Value="Form"/>
        <UsageCount Value="178"/>
        <EditorIndex Value="-1"/>
        <CursorPos X="69" Y="21"/>
      </Unit>
      <Unit>
        <Filename Value="Log.pas"/>
        <IsPartOfProject Value="False"/>
        <UsageCount Value="179"/>
        <EditorIndex Value="-1"/>
        <CursorPos X="15" Y="31"/>
      </Unit>
      <Unit>
        <Filename Value="UtilsBase.pas"/>
        <IsPartOfProject Value="False"/>
        <UsageCount Value="180"/>
        <EditorIndex Value="-1"/>
        <TopLine Value="29"/>
        <CursorPos X="17" Y="47"/>
      </Unit>
      <Unit>
        <Filename Value="DrawingTextFrm.pas"/>
        <IsPartOfProject Value="False"/>
        <ComponentName Value="DrawingTextForm"/>
        <HasResources Value="True"/>
        <ResourceBaseClass Value="Form"/>
        <UsageCount Value="179"/>
        <EditorIndex Value="-1"/>
        <CursorPos X="49"/>
      </Unit>
      <Unit>
        <Filename Value="GeometryFrm.pas"/>
        <IsPartOfProject Value="False"/>
        <ComponentName Value="GeometryForm"/>
        <HasResources Value="True"/>
        <ResourceBaseClass Value="Form"/>
        <UsageCount Value="178"/>
        <EditorIndex Value="-1"/>
        <TopLine Value="106"/>
        <CursorPos Y="115"/>
      </Unit>
      <Unit>
        <Filename Value="MaterialFrm.pas"/>
        <IsPartOfProject Value="False"/>
        <ComponentName Value="MaterialForm"/>
        <HasResources Value="True"/>
        <ResourceBaseClass Value="Form"/>
        <UsageCount Value="178"/>
        <EditorIndex Value="-1"/>
        <TopLine Value="42"/>
        <CursorPos X="79" Y="141"/>
      </Unit>
      <Unit>
        <Filename Value="qualityfrm.pas"/>
        <IsPartOfProject Value="False"/>
        <ComponentName Value="QualityForm"/>
        <HasResources Value="True"/>
        <ResourceBaseClass Value="Form"/>
        <UnitName Value="QualityFrm"/>
        <UsageCount Value="179"/>
        <EditorIndex Value="-1"/>
        <TopLine Value="9"/>
        <CursorPos X="49"/>
      </Unit>
      <Unit>
        <Filename Value="AboutFrm.pas"/>
        <IsPartOfProject Value="False"/>
        <ComponentName Value="AboutForm"/>
        <HasResources Value="True"/>
        <ResourceBaseClass Value="Form"/>
        <UsageCount Value="179"/>
        <EditorIndex Value="-1"/>
        <TopLine Value="24"/>
        <CursorPos X="49"/>
      </Unit>
      <Unit>
        <Filename Value="ReportFrm.pas"/>
        <IsPartOfProject Value="False"/>
        <ComponentName Value="ReportForm"/>
        <HasResources Value="True"/>
        <ResourceBaseClass Value="Form"/>
        <UsageCount Value="178"/>
        <EditorIndex Value="-1"/>
        <TopLine Value="49"/>
        <CursorPos X="70" Y="67"/>
      </Unit>
      <Unit>
        <Filename Value="drawingfrm.pas"/>
        <IsPartOfProject Value="False"/>
        <ComponentName Value="DrawingForm"/>
        <HasResources Value="True"/>
        <ResourceBaseClass Value="Form"/>
        <UnitName Value="DrawingFrm"/>
        <UsageCount Value="80"/>
        <EditorIndex Value="-1"/>
        <CursorPos X="58" Y="55"/>
      </Unit>
      <Unit>
        <Filename Value="setting.pas"/>
        <IsPartOfProject Value="False"/>
        <UnitName Value="Setting"/>
        <UsageCount Value="25"/>
        <EditorIndex Value="-1"/>
        <TopLine Value="16"/>
        <CursorPos X="19" Y="21"/>
      </Unit>
      <Unit>
        <Filename Value="forcedisplacementfrm.pas"/>
        <IsPartOfProject Value="False"/>
        <ComponentName Value="ForceDiagramForm"/>
        <HasResources Value="True"/>
        <ResourceBaseClass Value="Form"/>
        <UnitName Value="ForceDisplacementFrm"/>
        <UsageCount Value="175"/>
        <EditorIndex Value="-1"/>
        <TopLine Value="35"/>
        <CursorPos X="47" Y="53"/>
      </Unit>
      <Unit>
        <Filename Value="bucklingfrm.pas"/>
        <IsPartOfProject Value="False"/>
        <ComponentName Value="BucklingForm"/>
        <HasResources Value="True"/>
        <ResourceBaseClass Value="Form"/>
        <UnitName Value="BucklingFrm"/>
        <UsageCount Value="173"/>
        <EditorIndex Value="-1"/>
        <TopLine Value="37"/>
        <CursorPos X="31" Y="49"/>
      </Unit>
      <Unit>
        <Filename Value="goodmanfrm.pas"/>
        <IsPartOfProject Value="False"/>
        <ComponentName Value="GoodmanChartForm"/>
        <HasResources Value="True"/>
        <ResourceBaseClass Value="Form"/>
        <UnitName Value="GoodmanFrm"/>
        <UsageCount Value="173"/>
        <EditorIndex Value="-1"/>
        <TopLine Value="39"/>
        <CursorPos X="52" Y="52"/>
      </Unit>
      <Unit>
        <Filename Value="graph2.pas"/>
        <IsPartOfProject Value="False"/>
        <UnitName Value="Graph2"/>
        <UsageCount Value="5"/>
        <EditorIndex Value="-1"/>
        <CursorPos Y="22"/>
      </Unit>
      <Unit>
        <Filename Value="C:\FPC\3.2.2\source\rtl\inc\mathh.inc"/>
        <IsPartOfProject Value="False"/>
        <UsageCount Value="5"/>
        <EditorIndex Value="-1"/>
        <TopLine Value="101"/>
        <CursorPos X="14" Y="105"/>
      </Unit>
      <Unit>
        <Filename Value="..\..\..\AppData\Local\lazarus\onlinepackagemanager\packages\bgrabitmap-master\bgrabitmap\bgrabitmap.pas"/>
        <IsPartOfProject Value="False"/>
        <UnitName Value="BGRABitmap"/>
        <UsageCount Value="8"/>
        <EditorIndex Value="-1"/>
        <TopLine Value="69"/>
        <CursorPos X="9" Y="79"/>
      </Unit>
      <Unit>
        <Filename Value="..\lazarus\lcl\graphics.pp"/>
        <IsPartOfProject Value="False"/>
        <UnitName Value="Graphics"/>
        <UsageCount Value="10"/>
        <EditorIndex Value="-1"/>
        <TopLine Value="549"/>
        <CursorPos X="24" Y="551"/>
      </Unit>
      <Unit>
        <Filename Value="..\..\..\AppData\Local\lazarus\onlinepackagemanager\packages\bgrabitmap-master\bgrabitmap\bgrapixel.inc"/>
        <IsPartOfProject Value="False"/>
        <UsageCount Value="7"/>
        <EditorIndex Value="-1"/>
        <TopLine Value="164"/>
        <CursorPos X="27" Y="184"/>
      </Unit>
      <Unit>
        <Filename Value="..\..\..\AppData\Local\lazarus\onlinepackagemanager\packages\bgrabitmap-master\bgrabitmap\unibitmapgeneric.inc"/>
        <IsPartOfProject Value="False"/>
        <UsageCount Value="9"/>
        <EditorIndex Value="-1"/>
        <TopLine Value="44"/>
        <CursorPos X="15" Y="53"/>
      </Unit>
      <Unit>
        <Filename Value="..\..\..\AppData\Local\lazarus\onlinepackagemanager\packages\bgrabitmap-master\bgrabitmap\bgracustombitmap.inc"/>
        <IsPartOfProject Value="False"/>
        <UsageCount Value="6"/>
        <EditorIndex Value="-1"/>
        <TopLine Value="201"/>
        <CursorPos X="15" Y="216"/>
      </Unit>
      <Unit>
        <Filename Value="..\..\..\AppData\Local\lazarus\onlinepackagemanager\packages\bgrabitmap-master\bgrabitmap\bgragraphics.pas"/>
        <IsPartOfProject Value="False"/>
        <UnitName Value="BGRAGraphics"/>
        <UsageCount Value="10"/>
        <EditorIndex Value="-1"/>
        <TopLine Value="54"/>
        <CursorPos X="3" Y="69"/>
      </Unit>
      <Unit>
        <Filename Value="..\..\..\AppData\Local\lazarus\onlinepackagemanager\packages\bgrabitmap-master\bgrabitmap\bgrabitmaptypes.pas"/>
        <IsPartOfProject Value="False"/>
        <UnitName Value="BGRABitmapTypes"/>
        <UsageCount Value="10"/>
        <EditorIndex Value="-1"/>
        <TopLine Value="258"/>
        <CursorPos X="22" Y="280"/>
      </Unit>
      <Unit>
        <Filename Value="C:\FPC\3.2.2\source\rtl\objpas\classes\classesh.inc"/>
        <IsPartOfProject Value="False"/>
        <UsageCount Value="7"/>
        <EditorIndex Value="-1"/>
        <TopLine Value="75"/>
        <CursorPos X="68" Y="94"/>
      </Unit>
      <Unit>
        <Filename Value="C:\FPC\3.2.2\source\rtl\inc\objpash.inc"/>
        <IsPartOfProject Value="False"/>
        <UsageCount Value="2"/>
        <EditorIndex Value="-1"/>
        <TopLine Value="179"/>
        <CursorPos X="23" Y="206"/>
      </Unit>
      <Unit>
        <Filename Value="C:\FPC\3.2.2\source\rtl\objpas\types.pp"/>
        <IsPartOfProject Value="False"/>
        <UnitName Value="Types"/>
        <UsageCount Value="5"/>
        <EditorIndex Value="-1"/>
        <TopLine Value="64"/>
        <CursorPos X="3" Y="83"/>
      </Unit>
      <Unit>
        <Filename Value="C:\FPC\3.2.2\source\rtl\inc\typshrdh.inc"/>
        <IsPartOfProject Value="False"/>
        <UsageCount Value="5"/>
        <EditorIndex Value="-1"/>
        <TopLine Value="21"/>
        <CursorPos X="3" Y="38"/>
      </Unit>
      <Unit>
        <Filename Value="..\..\..\AppData\Local\lazarus\onlinepackagemanager\packages\bgrabitmap-master\bgrabitmap\bgradefaultbitmap.pas"/>
        <IsPartOfProject Value="False"/>
        <UnitName Value="BGRADefaultBitmap"/>
        <UsageCount Value="5"/>
        <EditorIndex Value="-1"/>
        <TopLine Value="155"/>
        <CursorPos X="14" Y="171"/>
      </Unit>
      <Unit>
        <Filename Value="..\..\..\AppData\Local\lazarus\onlinepackagemanager\packages\bgrabitmap-master\bgrabitmap\bgratransform.pas"/>
        <IsPartOfProject Value="False"/>
        <UnitName Value="BGRATransform"/>
        <UsageCount Value="9"/>
        <EditorIndex Value="-1"/>
        <CursorPos X="3" Y="17"/>
      </Unit>
      <Unit>
        <Filename Value="..\..\..\AppData\Local\lazarus\onlinepackagemanager\packages\bgrabitmap-master\bgrabitmap\geometrytypes.inc"/>
        <IsPartOfProject Value="False"/>
        <UsageCount Value="7"/>
        <EditorIndex Value="-1"/>
        <TopLine Value="104"/>
        <CursorPos X="17" Y="117"/>
      </Unit>
      <Unit>
        <Filename Value="..\..\..\AppData\Local\lazarus\onlinepackagemanager\packages\bgrabitmap-master\bgrabitmap\bgraclasses.pas"/>
        <IsPartOfProject Value="False"/>
        <UnitName Value="BGRAClasses"/>
        <UsageCount Value="10"/>
        <EditorIndex Value="-1"/>
        <TopLine Value="9"/>
        <CursorPos X="3" Y="23"/>
      </Unit>
      <Unit>
        <Filename Value="..\..\..\AppData\Local\lazarus\onlinepackagemanager\packages\bgrabitmap-master\bgrabitmap\csscolorconst.inc"/>
        <IsPartOfProject Value="False"/>
        <UsageCount Value="3"/>
        <EditorIndex Value="-1"/>
        <TopLine Value="461"/>
        <CursorPos X="3" Y="382"/>
      </Unit>
      <Unit>
        <Filename Value="C:\FPC\3.2.2\source\rtl\objpas\math.pp"/>
        <IsPartOfProject Value="False"/>
        <UnitName Value="Math"/>
        <UsageCount Value="6"/>
        <EditorIndex Value="-1"/>
        <TopLine Value="56"/>
        <CursorPos X="7" Y="73"/>
      </Unit>
      <Unit>
        <Filename Value="..\..\..\AppData\Local\lazarus\onlinepackagemanager\packages\bgrabitmap-master\bgrabitmap\unibitmap.inc"/>
        <IsPartOfProject Value="False"/>
        <UsageCount Value="7"/>
        <EditorIndex Value="-1"/>
        <TopLine Value="457"/>
        <CursorPos X="14" Y="472"/>
      </Unit>
      <Unit>
        <Filename Value="C:\FPC\3.2.2\source\rtl\inc\genmath.inc"/>
        <IsPartOfProject Value="False"/>
        <UsageCount Value="8"/>
        <EditorIndex Value="-1"/>
      </Unit>
      <Unit>
        <Filename Value="C:\FPC\3.2.2\source\rtl\inc\flt_core.inc"/>
        <IsPartOfProject Value="False"/>
        <UsageCount Value="8"/>
        <EditorIndex Value="-1"/>
      </Unit>
      <Unit>
        <Filename Value="..\..\..\AppData\Local\lazarus\onlinepackagemanager\packages\bgrabitmap-master\bgrabitmap\bgrawinbitmap.pas"/>
        <IsPartOfProject Value="False"/>
        <UnitName Value="BGRAWinBitmap"/>
        <UsageCount Value="8"/>
        <EditorIndex Value="-1"/>
        <TopLine Value="48"/>
        <CursorPos X="3" Y="23"/>
      </Unit>
      <Unit>
        <Filename Value="C:\FPC\3.2.2\source\packages\graph\src\win32\graph.pp"/>
        <IsPartOfProject Value="False"/>
        <UnitName Value="Graph"/>
        <UsageCount Value="4"/>
        <EditorIndex Value="-1"/>
      </Unit>
      <Unit>
        <Filename Value="drawingtextfrm.lfm"/>
        <IsPartOfProject Value="False"/>
        <HasResources Value="True"/>
        <UsageCount Value="4"/>
        <EditorIndex Value="-1"/>
        <CursorPos X="40" Y="9"/>
      </Unit>
      <Unit>
        <Filename Value="generalfrm.lfm"/>
        <IsPartOfProject Value="False"/>
        <UsageCount Value="4"/>
        <EditorIndex Value="-1"/>
      </Unit>
      <Unit>
        <Filename Value="C:\FPC\3.2.2\source\packages\fcl-image\src\fpcanvas.pp"/>
        <IsPartOfProject Value="False"/>
        <UnitName Value="FPCanvas"/>
        <UsageCount Value="4"/>
        <EditorIndex Value="-1"/>
        <TopLine Value="95"/>
        <CursorPos X="5" Y="123"/>
      </Unit>
      <Unit>
        <Filename Value="C:\FPC\3.2.2\source\packages\fcl-base\src\inifiles.pp"/>
        <IsPartOfProject Value="False"/>
        <UnitName Value="IniFiles"/>
        <UsageCount Value="3"/>
        <EditorIndex Value="-1"/>
        <TopLine Value="230"/>
        <CursorPos X="3" Y="215"/>
      </Unit>
      <Unit>
        <Filename Value="C:\FPC\3.2.2\source\rtl\inc\typshrd.inc"/>
        <IsPartOfProject Value="False"/>
        <UsageCount Value="10"/>
        <EditorIndex Value="-1"/>
        <TopLine Value="305"/>
        <CursorPos X="3" Y="309"/>
      </Unit>
      <Unit>
        <Filename Value="..\lazarus\lcl\include\menuitem.inc"/>
        <IsPartOfProject Value="False"/>
        <UsageCount Value="2"/>
        <EditorIndex Value="-1"/>
        <TopLine Value="525"/>
        <CursorPos X="20" Y="540"/>
      </Unit>
      <Unit>
        <Filename Value="..\lazarus\lcl\controls.pp"/>
        <IsPartOfProject Value="False"/>
        <UnitName Value="Controls"/>
        <UsageCount Value="7"/>
        <EditorIndex Value="-1"/>
        <TopLine Value="2397"/>
        <CursorPos X="15" Y="2421"/>
      </Unit>
      <Unit>
        <Filename Value="settingfrm.pas"/>
        <IsPartOfProject Value="False"/>
        <ComponentName Value="SettingForm"/>
        <ResourceBaseClass Value="Form"/>
        <UnitName Value="SettingFrm"/>
        <UsageCount Value="2"/>
        <EditorIndex Value="-1"/>
      </Unit>
      <Unit>
        <Filename Value="..\..\..\AppData\Local\lazarus\onlinepackagemanager\packages\bgrabitmap-master\bgrabitmap\bgrascanner.inc"/>
        <IsPartOfProject Value="False"/>
        <UsageCount Value="3"/>
        <EditorIndex Value="-1"/>
        <CursorPos X="3" Y="18"/>
      </Unit>
      <Unit>
        <Filename Value="..\..\..\AppData\Local\lazarus\onlinepackagemanager\packages\bgrabitmap-master\bgrabitmap\bgralclbitmap.pas"/>
        <IsPartOfProject Value="False"/>
        <UnitName Value="BGRALCLBitmap"/>
        <UsageCount Value="3"/>
        <EditorIndex Value="-1"/>
        <CursorPos X="3" Y="14"/>
      </Unit>
      <Unit>
        <Filename Value="springdbg.ini"/>
        <IsPartOfProject Value="False"/>
        <UsageCount Value="3"/>
        <EditorIndex Value="-1"/>
        <TopLine Value="277"/>
        <CursorPos X="14" Y="297"/>
      </Unit>
      <Unit>
        <Filename Value="..\..\..\AppData\Local\lazarus\onlinepackagemanager\packages\bgrabitmap-master\bgrabitmap\basiccolorspace.inc"/>
        <IsPartOfProject Value="False"/>
        <UsageCount Value="3"/>
        <EditorIndex Value="-1"/>
        <TopLine Value="307"/>
        <CursorPos X="3" Y="309"/>
      </Unit>
      <Unit>
        <Filename Value="client.ini"/>
        <IsPartOfProject Value="False"/>
        <UsageCount Value="3"/>
        <EditorIndex Value="-1"/>
        <TopLine Value="115"/>
        <CursorPos X="10" Y="129"/>
      </Unit>
      <Unit>
        <Filename Value="C:\FPC\3.2.2\source\rtl\win32\windows.pp"/>
        <IsPartOfProject Value="False"/>
        <UnitName Value="Windows"/>
        <UsageCount Value="3"/>
        <EditorIndex Value="-1"/>
        <TopLine Value="9"/>
        <CursorPos X="31" Y="28"/>
      </Unit>
      <Unit>
        <Filename Value="..\lazarus\lcl\interfacebase.pp"/>
        <IsPartOfProject Value="False"/>
        <UnitName Value="InterfaceBase"/>
        <UsageCount Value="3"/>
        <EditorIndex Value="-1"/>
        <TopLine Value="16"/>
        <CursorPos X="31" Y="28"/>
      </Unit>
      <Unit>
        <Filename Value="C:\FPC\3.2.2\source\rtl\objpas\sysutils\osutilsh.inc"/>
        <IsPartOfProject Value="False"/>
        <UsageCount Value="4"/>
        <EditorIndex Value="-1"/>
        <TopLine Value="30"/>
        <CursorPos X="10" Y="49"/>
      </Unit>
      <Unit>
        <Filename Value="..\lazarus\lcl\printers.pas"/>
        <IsPartOfProject Value="False"/>
        <UnitName Value="Printers"/>
        <UsageCount Value="13"/>
        <EditorIndex Value="-1"/>
        <TopLine Value="139"/>
        <CursorPos X="46" Y="165"/>
      </Unit>
      <Unit>
        <Filename Value="..\xy-plot\src\aboutfrm.pas"/>
        <IsPartOfProject Value="False"/>
        <ComponentName Value="taboutform"/>
        <HasResources Value="True"/>
        <ResourceBaseClass Value="Form"/>
        <UsageCount Value="4"/>
        <EditorIndex Value="-1"/>
      </Unit>
      <Unit>
        <Filename Value="..\lazarus\lcl\dialogs.pp"/>
        <IsPartOfProject Value="False"/>
        <UnitName Value="Dialogs"/>
        <UsageCount Value="30"/>
        <EditorIndex Value="-1"/>
        <TopLine Value="521"/>
        <CursorPos X="3" Y="524"/>
      </Unit>
      <Unit>
        <Filename Value="C:\FPC\3.2.2\source\packages\fcl-pdf\src\fppdf.pp"/>
        <IsPartOfProject Value="False"/>
        <UnitName Value="fpPDF"/>
        <UsageCount Value="6"/>
        <EditorIndex Value="-1"/>
        <TopLine Value="1028"/>
        <CursorPos X="38" Y="1038"/>
      </Unit>
      <Unit>
        <Filename Value="C:\FPC\3.2.2\source\packages\fcl-base\src\csvdocument.pp"/>
        <IsPartOfProject Value="False"/>
        <UsageCount Value="8"/>
        <EditorIndex Value="-1"/>
        <TopLine Value="23"/>
        <CursorPos X="17" Y="38"/>
      </Unit>
      <Unit>
        <Filename Value="..\lazarus\lcl\lresources.pp"/>
        <IsPartOfProject Value="False"/>
        <UnitName Value="LResources"/>
        <UsageCount Value="7"/>
        <EditorIndex Value="-1"/>
        <TopLine Value="74"/>
        <CursorPos X="44" Y="82"/>
      </Unit>
      <Unit>
        <Filename Value="..\..\..\AppData\Local\lazarus\onlinepackagemanager\packages\bgracontrols-master\bcsvgviewer.pas"/>
        <IsPartOfProject Value="False"/>
        <UnitName Value="BCSVGViewer"/>
        <UsageCount Value="10"/>
        <EditorIndex Value="-1"/>
        <TopLine Value="57"/>
        <CursorPos X="14" Y="72"/>
      </Unit>
      <Unit>
        <Filename Value="..\..\..\AppData\Local\lazarus\onlinepackagemanager\packages\bgracontrols-master\bgragraphiccontrol.pas"/>
        <IsPartOfProject Value="False"/>
        <UnitName Value="BGRAGraphicControl"/>
        <UsageCount Value="5"/>
        <EditorIndex Value="-1"/>
        <TopLine Value="55"/>
        <CursorPos X="3" Y="31"/>
      </Unit>
      <Unit>
        <Filename Value="..\..\..\AppData\Local\lazarus\onlinepackagemanager\packages\bgracontrols-master\bctypes.pas"/>
        <IsPartOfProject Value="False"/>
        <UnitName Value="BCTypes"/>
        <UsageCount Value="9"/>
        <EditorIndex Value="-1"/>
        <TopLine Value="96"/>
        <CursorPos X="48" Y="110"/>
      </Unit>
      <Unit>
        <Filename Value="..\..\..\AppData\Local\lazarus\onlinepackagemanager\packages\bgrabitmap-master\bgrabitmap\bgraunits.pas"/>
        <IsPartOfProject Value="False"/>
        <UnitName Value="BGRAUnits"/>
        <UsageCount Value="10"/>
        <EditorIndex Value="-1"/>
        <TopLine Value="5"/>
        <CursorPos Y="19"/>
      </Unit>
      <Unit>
        <Filename Value="..\..\..\AppData\Local\lazarus\onlinepackagemanager\packages\bgrabitmap-master\bgrabitmap\bgrasvgtype.pas"/>
        <IsPartOfProject Value="False"/>
        <UnitName Value="BGRASVGType"/>
        <UsageCount Value="9"/>
        <EditorIndex Value="-1"/>
        <TopLine Value="448"/>
        <CursorPos X="9" Y="448"/>
      </Unit>
      <Unit>
        <Filename Value="..\..\..\AppData\Local\lazarus\onlinepackagemanager\packages\bgrabitmap-master\bgrabitmap\bgratextfx.pas"/>
        <IsPartOfProject Value="False"/>
        <UnitName Value="BGRATextFX"/>
        <UsageCount Value="7"/>
        <EditorIndex Value="-1"/>
        <TopLine Value="57"/>
        <CursorPos X="36" Y="79"/>
      </Unit>
      <Unit>
        <Filename Value="ProductionFrm.pas"/>
        <IsPartOfProject Value="False"/>
        <ComponentName Value="ProductionForm"/>
        <HasResources Value="True"/>
        <ResourceBaseClass Value="Form"/>
        <UsageCount Value="10"/>
        <EditorIndex Value="-1"/>
        <TopLine Value="86"/>
        <CursorPos X="10" Y="110"/>
      </Unit>
      <Unit>
        <Filename Value="..\..\..\AppData\Local\lazarus\onlinepackagemanager\packages\bgrabitmap-master\bgrabitmap\bgrasvgshapes.pas"/>
        <IsPartOfProject Value="False"/>
        <UnitName Value="BGRASVGShapes"/>
        <UsageCount Value="8"/>
        <EditorIndex Value="-1"/>
      </Unit>
      <Unit>
        <Filename Value="..\..\..\AppData\Local\lazarus\onlinepackagemanager\packages\bgrabitmap-master\bgrabitmap\bgracanvas2d.pas"/>
        <IsPartOfProject Value="False"/>
        <UnitName Value="BGRACanvas2D"/>
        <UsageCount Value="8"/>
        <EditorIndex Value="-1"/>
        <TopLine Value="70"/>
      </Unit>
      <Unit>
        <Filename Value="src\aboutfrm.pas"/>
        <ComponentName Value="AboutForm"/>
        <HasResources Value="True"/>
        <ResourceBaseClass Value="Form"/>
        <UnitName Value="AboutFrm"/>
        <UsageCount Value="200"/>
        <EditorIndex Value="-1"/>
        <CursorPos X="22" Y="40"/>
      </Unit>
      <Unit>
        <Filename Value="src\mainfrm.pas"/>
        <ComponentName Value="MainForm"/>
        <HasResources Value="True"/>
        <ResourceBaseClass Value="Form"/>
        <UnitName Value="MainFrm"/>
        <Loaded Value="True"/>
        <LoadedDesigner Value="True"/>
        <UsageCount Value="200"/>
        <TopLine Value="1311"/>
        <CursorPos X="43" Y="1337"/>
        <Bookmarks Count="1">
          <Item0 X="19" Y="1596" ID="8"/>
        </Bookmarks>
      </Unit>
      <Unit>
        <Filename Value="src\GraphBase.pas"/>
        <IsPartOfProject Value="False"/>
        <UsageCount Value="182"/>
        <EditorIndex Value="-1"/>
        <TopLine Value="395"/>
        <CursorPos X="15" Y="409"/>
      </Unit>
      <Unit>
        <Filename Value="src\reportfrm.pas"/>
        <ComponentName Value="ReportForm"/>
        <HasResources Value="True"/>
        <ResourceBaseClass Value="Form"/>
        <UnitName Value="ReportFrm"/>
        <Loaded Value="True"/>
        <LoadedDesigner Value="True"/>
        <UsageCount Value="200"/>
        <EditorIndex Value="3"/>
        <TopLine Value="176"/>
        <CursorPos X="109" Y="206"/>
      </Unit>
      <Unit>
        <Filename Value="src\Log.pas"/>
        <IsPartOfProject Value="False"/>
        <UsageCount Value="8"/>
        <EditorIndex Value="-1"/>
        <TopLine Value="21"/>
        <CursorPos Y="30"/>
      </Unit>
      <Unit>
        <Filename Value="src\UtilsBase.pas"/>
        <IsPartOfProject Value="False"/>
        <UsageCount Value="182"/>
        <EditorIndex Value="-1"/>
        <TopLine Value="44"/>
        <CursorPos X="52" Y="54"/>
      </Unit>
      <Unit>
        <Filename Value="src\applicationfrm1.pas"/>
        <ComponentName Value="ApplicationForm1"/>
        <HasResources Value="True"/>
        <ResourceBaseClass Value="Form"/>
        <UnitName Value="ApplicationFrm1"/>
        <UsageCount Value="200"/>
        <EditorIndex Value="-1"/>
        <TopLine Value="85"/>
        <CursorPos X="50" Y="126"/>
      </Unit>
      <Unit>
        <Filename Value="src\drawingfrm.pas"/>
        <ComponentName Value="DrawingForm"/>
        <HasResources Value="True"/>
        <ResourceBaseClass Value="Form"/>
        <UnitName Value="DrawingFrm"/>
        <UsageCount Value="200"/>
        <EditorIndex Value="-1"/>
        <CursorPos X="20" Y="23"/>
      </Unit>
      <Unit>
        <Filename Value="src\textfrm.pas"/>
        <ComponentName Value="TextForm"/>
        <HasResources Value="True"/>
        <ResourceBaseClass Value="Form"/>
        <UnitName Value="TextFrm"/>
        <UsageCount Value="200"/>
        <EditorIndex Value="-1"/>
        <CursorPos X="20" Y="23"/>
      </Unit>
      <Unit>
        <Filename Value="src\EN10270.pas"/>
        <IsPartOfProject Value="False"/>
        <UsageCount Value="182"/>
        <EditorIndex Value="-1"/>
        <TopLine Value="15"/>
        <CursorPos X="52" Y="77"/>
      </Unit>
      <Unit>
        <Filename Value="src\en13906.pas"/>
        <IsPartOfProject Value="False"/>
        <UnitName Value="EN13906"/>
        <UsageCount Value="182"/>
        <EditorIndex Value="-1"/>
        <TopLine Value="879"/>
        <CursorPos X="17" Y="888"/>
      </Unit>
      <Unit>
        <Filename Value="src\EN15800.pas"/>
        <IsPartOfProject Value="False"/>
        <UsageCount Value="182"/>
        <EditorIndex Value="-1"/>
        <TopLine Value="255"/>
        <CursorPos Y="302"/>
      </Unit>
      <Unit>
        <Filename Value="src\geometryfrm1.pas"/>
        <ComponentName Value="GeometryForm1"/>
        <HasResources Value="True"/>
        <ResourceBaseClass Value="Form"/>
        <UnitName Value="GeometryFrm1"/>
        <Loaded Value="True"/>
        <LoadedDesigner Value="True"/>
        <UsageCount Value="200"/>
        <EditorIndex Value="12"/>
        <CursorPos X="18" Y="21"/>
      </Unit>
      <Unit>
        <Filename Value="src\materialfrm.pas"/>
        <ComponentName Value="MaterialForm"/>
        <HasResources Value="True"/>
        <ResourceBaseClass Value="Form"/>
        <UnitName Value="MaterialFrm"/>
        <Loaded Value="True"/>
        <LoadedDesigner Value="True"/>
        <UsageCount Value="200"/>
        <EditorIndex Value="1"/>
        <TopLine Value="175"/>
        <CursorPos X="40" Y="207"/>
      </Unit>
      <Unit>
        <Filename Value="src\productionfrm.pas"/>
        <ComponentName Value="ProductionForm"/>
        <HasResources Value="True"/>
        <ResourceBaseClass Value="Form"/>
        <UnitName Value="ProductionFrm"/>
        <UsageCount Value="200"/>
        <EditorIndex Value="-1"/>
        <CursorPos X="20" Y="23"/>
      </Unit>
      <Unit>
        <Filename Value="src\qualityfrm1.pas"/>
        <ComponentName Value="QualityForm1"/>
        <HasResources Value="True"/>
        <ResourceBaseClass Value="Form"/>
        <UnitName Value="QualityFrm1"/>
        <Loaded Value="True"/>
        <LoadedDesigner Value="True"/>
        <UsageCount Value="200"/>
        <EditorIndex Value="2"/>
        <TopLine Value="19"/>
        <CursorPos X="32" Y="53"/>
      </Unit>
      <Unit>
        <Filename Value="..\lazarus\lcl\lclintf.pas"/>
        <IsPartOfProject Value="False"/>
        <UnitName Value="LCLIntf"/>
        <UsageCount Value="9"/>
        <EditorIndex Value="-1"/>
        <CursorPos X="13" Y="38"/>
      </Unit>
      <Unit>
        <Filename Value="..\lazarus\components\printers\printersdlgs.pp"/>
        <IsPartOfProject Value="False"/>
        <UnitName Value="PrintersDlgs"/>
        <UsageCount Value="12"/>
        <EditorIndex Value="-1"/>
        <TopLine Value="75"/>
        <CursorPos X="14" Y="127"/>
      </Unit>
      <Unit>
        <Filename Value="..\lazarus\lcl\include\wincontrol.inc"/>
        <IsPartOfProject Value="False"/>
        <UsageCount Value="9"/>
        <EditorIndex Value="-1"/>
        <TopLine Value="5085"/>
        <CursorPos X="10" Y="5087"/>
      </Unit>
      <Unit>
        <Filename Value="..\..\..\..\AppData\Local\lazarus\onlinepackagemanager\packages\bgrabitmap-master\bgrabitmap\unibitmap.inc"/>
        <IsPartOfProject Value="False"/>
        <UsageCount Value="9"/>
        <EditorIndex Value="-1"/>
        <TopLine Value="445"/>
        <CursorPos X="14" Y="461"/>
      </Unit>
      <Unit>
        <Filename Value="..\SpringTHREE\13906_3.pas"/>
        <IsPartOfProject Value="False"/>
        <UsageCount Value="6"/>
        <EditorIndex Value="-1"/>
        <TopLine Value="6"/>
        <CursorPos X="84" Y="19"/>
      </Unit>
      <Unit>
        <Filename Value="src\composer.pas"/>
        <IsPartOfProject Value="False"/>
        <UnitName Value="Composer"/>
        <UsageCount Value="59"/>
        <EditorIndex Value="-1"/>
        <CursorPos X="16" Y="13"/>
      </Unit>
      <Unit>
        <Filename Value="src\geometryfrm3.pas"/>
        <ComponentName Value="GeometryForm3"/>
        <HasResources Value="True"/>
        <ResourceBaseClass Value="Form"/>
        <UnitName Value="GeometryFrm3"/>
        <Loaded Value="True"/>
        <UsageCount Value="200"/>
        <EditorIndex Value="4"/>
        <TopLine Value="215"/>
        <CursorPos X="21" Y="246"/>
      </Unit>
      <Unit>
        <Filename Value="..\..\lazarus\lcl\forms.pp"/>
        <IsPartOfProject Value="False"/>
        <UnitName Value="Forms"/>
        <UsageCount Value="2"/>
        <EditorIndex Value="-1"/>
        <TopLine Value="753"/>
        <CursorPos X="44" Y="781"/>
      </Unit>
      <Unit>
        <Filename Value="C:\FPC\3.2.2\source\rtl\objpas\classes\streams.inc"/>
        <IsPartOfProject Value="False"/>
        <UsageCount Value="2"/>
        <EditorIndex Value="-1"/>
        <TopLine Value="729"/>
        <CursorPos X="3" Y="732"/>
      </Unit>
      <Unit>
        <Filename Value="src\MainFrmRoutines.inc"/>
        <IsPartOfProject Value="False"/>
        <UsageCount Value="3"/>
        <EditorIndex Value="-1"/>
        <TopLine Value="280"/>
        <CursorPos Y="676"/>
        <FoldState Value=" T3nf0F5 pjWkG0X2 PlLiA0U"/>
      </Unit>
      <Unit>
        <Filename Value="src\OptMainForm.pas"/>
        <IsPartOfProject Value="False"/>
        <UsageCount Value="2"/>
        <EditorIndex Value="-1"/>
      </Unit>
      <Unit>
        <Filename Value="src\SimulatedAnnealing.pas"/>
        <IsPartOfProject Value="False"/>
        <UnitName Value="simulatedannealing"/>
        <UsageCount Value="2"/>
        <EditorIndex Value="-1"/>
      </Unit>
      <Unit>
        <Filename Value="..\SpringLIB\SpringLib.pas"/>
        <IsPartOfProject Value="False"/>
        <UsageCount Value="2"/>
        <EditorIndex Value="-1"/>
      </Unit>
      <Unit>
        <Filename Value="..\SpringLIB\src\UtilsBase.pas"/>
        <IsPartOfProject Value="False"/>
        <UsageCount Value="93"/>
        <EditorIndex Value="-1"/>
        <CursorPos Y="86"/>
      </Unit>
      <Unit>
        <Filename Value="src\compozer.pas"/>
        <UnitName Value="Compozer"/>
        <Loaded Value="True"/>
        <UsageCount Value="200"/>
        <IsVisibleTab Value="True"/>
        <EditorIndex Value="10"/>
        <TopLine Value="877"/>
        <CursorPos X="194" Y="906"/>
      </Unit>
      <Unit>
        <Filename Value="..\SpringLIB\src\GraphBase.pas"/>
        <IsPartOfProject Value="False"/>
        <UsageCount Value="94"/>
        <EditorIndex Value="-1"/>
        <TopLine Value="274"/>
        <CursorPos X="3" Y="294"/>
      </Unit>
      <Unit>
        <Filename Value="..\..\lazarus\lcl\graphics.pp"/>
        <IsPartOfProject Value="False"/>
        <UnitName Value="Graphics"/>
        <UsageCount Value="4"/>
        <EditorIndex Value="-1"/>
        <TopLine Value="167"/>
        <CursorPos X="12" Y="186"/>
      </Unit>
      <Unit>
        <Filename Value="..\..\..\..\AppData\Local\lazarus\onlinepackagemanager\packages\bgrabitmap-master\bgrabitmap\geometrytypes.inc"/>
        <IsPartOfProject Value="False"/>
        <UsageCount Value="8"/>
        <EditorIndex Value="-1"/>
        <CursorPos X="3" Y="19"/>
      </Unit>
      <Unit>
        <Filename Value="..\SpringLIB\src\EN13906.pas"/>
        <IsPartOfProject Value="False"/>
        <UsageCount Value="93"/>
        <EditorIndex Value="-1"/>
        <TopLine Value="855"/>
        <CursorPos X="81" Y="874"/>
      </Unit>
      <Unit>
        <Filename Value="..\SpringLIB\src\EN15800.pas"/>
        <IsPartOfProject Value="False"/>
        <UsageCount Value="93"/>
        <EditorIndex Value="-1"/>
        <TopLine Value="28"/>
        <CursorPos X="3" Y="47"/>
      </Unit>
      <Unit>
        <Filename Value="..\SpringLIB\src\EN10270.pas"/>
        <IsPartOfProject Value="False"/>
        <UsageCount Value="93"/>
        <EditorIndex Value="-1"/>
        <TopLine Value="248"/>
        <CursorPos Y="254"/>
      </Unit>
      <Unit>
        <Filename Value="..\..\..\..\AppData\Local\lazarus\onlinepackagemanager\packages\bgrabitmap-master\bgrabitmap\bgradefaultbitmap.pas"/>
        <IsPartOfProject Value="False"/>
        <UnitName Value="BGRADefaultBitmap"/>
        <UsageCount Value="6"/>
        <EditorIndex Value="-1"/>
        <TopLine Value="460"/>
        <CursorPos X="15" Y="477"/>
      </Unit>
      <Unit>
        <Filename Value="..\..\..\..\AppData\Local\lazarus\onlinepackagemanager\packages\bgrabitmap-master\bgrabitmap\bgraclasses.pas"/>
        <IsPartOfProject Value="False"/>
        <UnitName Value="BGRAClasses"/>
        <UsageCount Value="5"/>
        <EditorIndex Value="-1"/>
        <TopLine Value="28"/>
        <CursorPos X="3" Y="45"/>
      </Unit>
      <Unit>
        <Filename Value="uunit.pas"/>
        <IsPartOfProject Value="False"/>
        <UnitName Value="UUnit"/>
        <UsageCount Value="17"/>
        <EditorIndex Value="-1"/>
        <TopLine Value="8"/>
        <CursorPos X="41" Y="14"/>
      </Unit>
      <Unit>
        <Filename Value="..\SpringLIB\src\UUnits.pas"/>
        <IsPartOfProject Value="False"/>
        <UsageCount Value="16"/>
        <EditorIndex Value="-1"/>
        <TopLine Value="10"/>
        <CursorPos X="49" Y="182"/>
      </Unit>
      <Unit>
        <Filename Value="..\SpringLIB\src\UnitOfMeasurement.pas"/>
        <IsPartOfProject Value="False"/>
        <UsageCount Value="10"/>
        <EditorIndex Value="-1"/>
      </Unit>
      <Unit>
        <Filename Value="..\SpringLIB\src\ADim.pas"/>
        <IsPartOfProject Value="False"/>
        <UsageCount Value="5"/>
        <EditorIndex Value="-1"/>
        <TopLine Value="106"/>
      </Unit>
      <Unit>
        <Filename Value="..\..\qk2\SpringLIB\src\EN13906.pas"/>
        <IsPartOfProject Value="False"/>
        <UsageCount Value="8"/>
        <EditorIndex Value="-1"/>
        <TopLine Value="913"/>
        <CursorPos X="5" Y="947"/>
      </Unit>
      <Unit>
        <Filename Value="..\..\lazarus\lcl\spin.pp"/>
        <IsPartOfProject Value="False"/>
        <UnitName Value="Spin"/>
        <UsageCount Value="9"/>
        <EditorIndex Value="-1"/>
        <TopLine Value="123"/>
        <CursorPos X="14" Y="137"/>
      </Unit>
      <Unit>
        <Filename Value="..\..\DimPas\dim.pas"/>
        <IsPartOfProject Value="False"/>
        <UnitName Value="Dim"/>
        <UsageCount Value="4"/>
        <EditorIndex Value="-1"/>
        <TopLine Value="361"/>
        <CursorPos X="20" Y="376"/>
      </Unit>
      <Unit>
        <Filename Value="..\SpringLIB\src\Compozer.pas"/>
        <IsPartOfProject Value="False"/>
        <UsageCount Value="21"/>
        <EditorIndex Value="-1"/>
        <TopLine Value="696"/>
        <CursorPos X="3" Y="720"/>
      </Unit>
      <Unit>
        <Filename Value="C:\FPC\3.2.2\source\packages\rtl-objpas\src\inc\convutil.pp"/>
        <IsPartOfProject Value="False"/>
        <UnitName Value="ConvUtils"/>
        <UsageCount Value="9"/>
        <EditorIndex Value="-1"/>
      </Unit>
      <Unit>
        <Filename Value="C:\FPC\3.2.2\source\packages\rtl-objpas\src\inc\convutil.inc"/>
        <IsPartOfProject Value="False"/>
        <UsageCount Value="9"/>
        <EditorIndex Value="-1"/>
        <TopLine Value="15"/>
        <CursorPos X="15" Y="21"/>
      </Unit>
      <Unit>
        <Filename Value="C:\FPC\3.2.2\source\packages\rtl-objpas\src\inc\convutils.pp"/>
        <IsPartOfProject Value="False"/>
        <UnitName Value="ConvUtils"/>
        <UsageCount Value="9"/>
        <EditorIndex Value="-1"/>
      </Unit>
      <Unit>
        <Filename Value="C:\fpcupdeluxe\config_lazarus\onlinepackagemanager\packages\bgracontrols-master\bgravirtualscreen.pas"/>
        <IsPartOfProject Value="False"/>
        <UnitName Value="BGRAVirtualScreen"/>
        <UsageCount Value="10"/>
        <EditorIndex Value="-1"/>
        <TopLine Value="46"/>
        <CursorPos X="15" Y="64"/>
      </Unit>
      <Unit>
        <Filename Value="src\applicationfrm3.pas"/>
        <ComponentName Value="ApplicationForm3"/>
        <HasResources Value="True"/>
        <ResourceBaseClass Value="Form"/>
        <UnitName Value="ApplicationFrm3"/>
        <UsageCount Value="200"/>
        <EditorIndex Value="-1"/>
        <CursorPos X="20" Y="23"/>
      </Unit>
      <Unit>
        <Filename Value="C:\fpcupdeluxe\fpcsrc\rtl\objpas\sysutils\sysstrh.inc"/>
        <IsPartOfProject Value="False"/>
        <UsageCount Value="10"/>
        <EditorIndex Value="-1"/>
        <TopLine Value="185"/>
        <CursorPos X="10" Y="202"/>
      </Unit>
      <Unit>
        <Filename Value="C:\fpcupdeluxe\config_lazarus\onlinepackagemanager\packages\bgrabitmap-master\bgrabitmap\unibitmap.inc"/>
        <IsPartOfProject Value="False"/>
        <UsageCount Value="2"/>
        <EditorIndex Value="-1"/>
        <TopLine Value="425"/>
        <CursorPos X="14" Y="444"/>
      </Unit>
      <Unit>
        <Filename Value="C:\fpcupdeluxe\fpcsrc\packages\fcl-image\src\fpimage.pp"/>
        <IsPartOfProject Value="False"/>
        <UnitName Value="FPImage"/>
        <UsageCount Value="2"/>
        <EditorIndex Value="-1"/>
        <TopLine Value="304"/>
        <CursorPos X="3" Y="226"/>
      </Unit>
      <Unit>
        <Filename Value="C:\fpcupdeluxe\config_lazarus\onlinepackagemanager\packages\bgrabitmap-master\bgrabitmap\extendedcolorspace.inc"/>
        <IsPartOfProject Value="False"/>
        <UsageCount Value="2"/>
        <EditorIndex Value="-1"/>
        <TopLine Value="34"/>
        <CursorPos X="3" Y="47"/>
      </Unit>
      <Unit>
        <Filename Value="src\liblink.pas"/>
        <UnitName Value="LibLink"/>
        <UsageCount Value="200"/>
        <EditorIndex Value="-1"/>
        <CursorPos X="3" Y="36"/>
      </Unit>
      <Unit>
        <Filename Value="src\AboutFrm.lfm"/>
        <IsPartOfProject Value="False"/>
        <UsageCount Value="2"/>
        <EditorIndex Value="-1"/>
      </Unit>
      <Unit>
        <Filename Value="..\..\ADimPas\adim.pas"/>
        <IsPartOfProject Value="False"/>
        <UnitName Value="ADim"/>
        <UsageCount Value="17"/>
        <EditorIndex Value="-1"/>
        <TopLine Value="4407"/>
        <CursorPos X="64" Y="4414"/>
      </Unit>
      <Unit>
        <Filename Value="..\..\bgrabitmap\bgrabitmap\bgracanvas2d.pas"/>
        <IsPartOfProject Value="False"/>
        <UnitName Value="BGRACanvas2D"/>
        <UsageCount Value="6"/>
        <EditorIndex Value="-1"/>
        <TopLine Value="257"/>
        <CursorPos X="15" Y="272"/>
      </Unit>
      <Unit>
        <Filename Value="C:\fpcupdeluxe\lazarus\lcl\spin.pp"/>
        <IsPartOfProject Value="False"/>
        <UnitName Value="Spin"/>
        <UsageCount Value="3"/>
        <EditorIndex Value="-1"/>
        <TopLine Value="99"/>
        <CursorPos X="14" Y="116"/>
      </Unit>
      <Unit>
        <Filename Value="..\..\bgracontrols\bgravirtualscreen.pas"/>
        <IsPartOfProject Value="False"/>
        <UnitName Value="BGRAVirtualScreen"/>
        <UsageCount Value="3"/>
        <EditorIndex Value="-1"/>
        <TopLine Value="46"/>
        <CursorPos X="27" Y="64"/>
      </Unit>
      <Unit>
        <Filename Value="src\aboufrm.pas"/>
        <IsPartOfProject Value="False"/>
        <UnitName Value="AboutFrm"/>
        <UsageCount Value="51"/>
        <EditorIndex Value="-1"/>
        <CursorPos X="37" Y="16"/>
      </Unit>
      <Unit>
        <Filename Value="libsrc\springmaterials.pas"/>
        <IsPartOfProject Value="False"/>
        <UnitName Value="SpringMaterials"/>
        <Loaded Value="True"/>
        <UsageCount Value="80"/>
        <EditorIndex Value="5"/>
        <TopLine Value="256"/>
        <CursorPos X="53" Y="256"/>
      </Unit>
      <Unit>
        <Filename Value="libsrc\springsolvers.pas"/>
        <IsPartOfProject Value="False"/>
        <UnitName Value="SpringSolvers"/>
        <Loaded Value="True"/>
        <UsageCount Value="81"/>
        <EditorIndex Value="13"/>
        <TopLine Value="1064"/>
        <CursorPos X="54" Y="1101"/>
      </Unit>
      <Unit>
        <Filename Value="libsrc\springtolerances.pas"/>
        <IsPartOfProject Value="False"/>
        <UnitName Value="SpringTolerances"/>
        <Loaded Value="True"/>
        <UsageCount Value="79"/>
        <EditorIndex Value="15"/>
        <TopLine Value="187"/>
        <CursorPos X="206" Y="205"/>
      </Unit>
      <Unit>
        <Filename Value="libsrc\baseutils.pas"/>
        <IsPartOfProject Value="False"/>
        <UnitName Value="BaseUtils"/>
        <Loaded Value="True"/>
        <UsageCount Value="84"/>
        <EditorIndex Value="14"/>
        <TopLine Value="307"/>
        <CursorPos Y="340"/>
      </Unit>
      <Unit>
        <Filename Value="..\ADimPas\adim.pas"/>
        <IsPartOfProject Value="False"/>
        <UnitName Value="ADim"/>
        <UsageCount Value="3"/>
        <EditorIndex Value="-1"/>
        <TopLine Value="5498"/>
        <CursorPos X="10" Y="5516"/>
      </Unit>
      <Unit>
        <Filename Value="..\ADimPas\adim.inc"/>
        <IsPartOfProject Value="False"/>
        <UsageCount Value="3"/>
        <EditorIndex Value="-1"/>
        <CursorPos X="67" Y="130"/>
      </Unit>
      <Unit>
        <Filename Value="C:\lazarus\fpc\3.2.2\source\rtl\objpas\sysutils\sysstrh.inc"/>
        <IsPartOfProject Value="False"/>
        <UsageCount Value="3"/>
        <EditorIndex Value="-1"/>
        <TopLine Value="133"/>
        <CursorPos X="10" Y="151"/>
      </Unit>
      <Unit>
        <Filename Value="C:\lazarus\fpc\3.2.2\source\packages\fcl-base\src\csvdocument.pp"/>
        <IsPartOfProject Value="False"/>
        <UsageCount Value="3"/>
        <EditorIndex Value="-1"/>
        <TopLine Value="40"/>
        <CursorPos X="3" Y="59"/>
      </Unit>
      <Unit>
        <Filename Value="C:\lazarus\fpc\3.2.2\source\packages\fcl-base\src\inifiles.pp"/>
        <IsPartOfProject Value="False"/>
        <UnitName Value="IniFiles"/>
        <UsageCount Value="3"/>
        <EditorIndex Value="-1"/>
        <TopLine Value="125"/>
        <CursorPos X="21" Y="142"/>
      </Unit>
      <Unit>
        <Filename Value="libsrc\basegraphics.pas"/>
        <IsPartOfProject Value="False"/>
        <UnitName Value="BaseGraphics"/>
        <Loaded Value="True"/>
        <UsageCount Value="82"/>
        <EditorIndex Value="6"/>
        <TopLine Value="2187"/>
        <CursorPos X="21" Y="2212"/>
      </Unit>
      <Unit>
        <Filename Value="..\..\..\AppData\Local\lazarus\onlinepackagemanager\packages\BGRABitmap\bgrabitmap\bgrapixel.inc"/>
        <IsPartOfProject Value="False"/>
        <UsageCount Value="3"/>
        <EditorIndex Value="-1"/>
        <TopLine Value="29"/>
        <CursorPos X="15" Y="48"/>
      </Unit>
      <Unit>
        <Filename Value="..\..\..\..\..\usr\share\fpcsrc\packages\fcl-base\src\csvdocument.pp"/>
        <IsPartOfProject Value="False"/>
        <UsageCount Value="3"/>
        <EditorIndex Value="-1"/>
        <TopLine Value="21"/>
        <CursorPos X="3" Y="59"/>
      </Unit>
      <Unit>
        <Filename Value="..\..\..\.lazarus\onlinepackagemanager\packages\BGRABitmap\bgrabitmap\geometrytypes.inc"/>
        <IsPartOfProject Value="False"/>
        <UsageCount Value="6"/>
        <EditorIndex Value="-1"/>
        <CursorPos X="3" Y="12"/>
      </Unit>
      <Unit>
        <Filename Value="..\..\..\.lazarus\onlinepackagemanager\packages\BGRABitmap\bgrabitmap\bgraclasses.pas"/>
        <IsPartOfProject Value="False"/>
        <UnitName Value="BGRAClasses"/>
        <UsageCount Value="6"/>
        <EditorIndex Value="-1"/>
        <CursorPos X="3" Y="45"/>
      </Unit>
      <Unit>
        <Filename Value="..\..\..\..\..\usr\share\fpcsrc\rtl\objpas\types.pp"/>
        <IsPartOfProject Value="False"/>
        <UnitName Value="Types"/>
        <UsageCount Value="4"/>
        <EditorIndex Value="-1"/>
        <TopLine Value="74"/>
        <CursorPos X="3" Y="107"/>
      </Unit>
      <Unit>
        <Filename Value="..\..\..\..\..\usr\lib64\lazarus\lcl\include\customform.inc"/>
        <IsPartOfProject Value="False"/>
        <UsageCount Value="6"/>
        <EditorIndex Value="-1"/>
        <TopLine Value="3199"/>
        <CursorPos Y="3225"/>
      </Unit>
      <Unit>
        <Filename Value="..\..\..\..\..\usr\lib64\lazarus\lcl\include\application.inc"/>
        <IsPartOfProject Value="False"/>
        <UsageCount Value="6"/>
        <EditorIndex Value="-1"/>
        <TopLine Value="2181"/>
        <CursorPos Y="2206"/>
      </Unit>
      <Unit>
        <Filename Value="..\..\..\lazarus\lazarus\lcl\include\commondialog.inc"/>
        <IsPartOfProject Value="False"/>
        <UsageCount Value="4"/>
        <EditorIndex Value="-1"/>
        <CursorPos Y="53"/>
      </Unit>
      <Unit>
        <Filename Value="..\..\..\lazarus\lazarus\lcl\forms.pp"/>
        <IsPartOfProject Value="False"/>
        <UnitName Value="Forms"/>
        <UsageCount Value="4"/>
        <EditorIndex Value="-1"/>
        <TopLine Value="1932"/>
        <CursorPos Y="1964"/>
      </Unit>
      <Unit>
        <Filename Value="..\..\..\lazarus\lazarus\lcl\include\application.inc"/>
        <IsPartOfProject Value="False"/>
        <UsageCount Value="4"/>
        <EditorIndex Value="-1"/>
        <TopLine Value="319"/>
        <CursorPos Y="349"/>
      </Unit>
      <Unit>
        <Filename Value="..\..\..\lazarus\lazarus\components\lazutils\lazmethodlist.pas"/>
        <IsPartOfProject Value="False"/>
        <UnitName Value="LazMethodList"/>
        <UsageCount Value="4"/>
        <EditorIndex Value="-1"/>
        <TopLine Value="283"/>
        <CursorPos Y="335"/>
      </Unit>
      <Unit>
        <Filename Value="..\..\..\lazarus\lazarus\lcl\interfaces\gtk2\gtk2widgetset.inc"/>
        <IsPartOfProject Value="False"/>
        <UsageCount Value="4"/>
        <EditorIndex Value="-1"/>
        <TopLine Value="1266"/>
        <CursorPos Y="1296"/>
      </Unit>
      <Unit>
        <Filename Value="..\..\..\lazarus\lazarus\components\lazutils\maps.pp"/>
        <IsPartOfProject Value="False"/>
        <UnitName Value="Maps"/>
        <UsageCount Value="4"/>
        <EditorIndex Value="-1"/>
        <TopLine Value="252"/>
        <CursorPos Y="287"/>
      </Unit>
      <Unit>
        <Filename Value="..\..\..\lazarus\lazarus\components\lazutils\laz_avl_tree.pp"/>
        <IsPartOfProject Value="False"/>
        <UnitName Value="Laz_AVL_Tree"/>
        <UsageCount Value="4"/>
        <EditorIndex Value="-1"/>
        <TopLine Value="621"/>
        <CursorPos Y="651"/>
      </Unit>
      <Unit>
        <Filename Value="..\..\..\.lazarus\onlinepackagemanager\packages\BGRABitmap\bgrabitmap\bgradefaultbitmap.pas"/>
        <IsPartOfProject Value="False"/>
        <UnitName Value="BGRADefaultBitmap"/>
        <Loaded Value="True"/>
        <UsageCount Value="10"/>
        <EditorIndex Value="7"/>
        <TopLine Value="343"/>
        <CursorPos X="15" Y="373"/>
      </Unit>
      <Unit>
        <Filename Value="..\..\..\.lazarus\onlinepackagemanager\packages\BGRABitmap\bgrabitmap\unibitmap.inc"/>
        <IsPartOfProject Value="False"/>
        <UsageCount Value="4"/>
        <EditorIndex Value="-1"/>
        <TopLine Value="837"/>
        <CursorPos Y="867"/>
      </Unit>
      <Unit>
        <Filename Value="..\..\..\.lazarus\onlinepackagemanager\packages\BGRABitmap\bgrabitmap\bgracustombitmap.inc"/>
        <IsPartOfProject Value="False"/>
        <Loaded Value="True"/>
        <UsageCount Value="10"/>
        <EditorIndex Value="8"/>
        <TopLine Value="440"/>
        <CursorPos X="16" Y="465"/>
      </Unit>
      <Unit>
        <Filename Value="..\..\..\.lazarus\onlinepackagemanager\packages\BGRABitmap\bgrabitmap\unibitmapgeneric.inc"/>
        <IsPartOfProject Value="False"/>
        <Loaded Value="True"/>
        <UsageCount Value="10"/>
        <EditorIndex Value="9"/>
        <CursorPos X="35" Y="7"/>
      </Unit>
      <Unit>
        <Filename Value="..\..\..\.lazarus\onlinepackagemanager\packages\BGRABitmap\bgrabitmap\bgrablend.pas"/>
        <IsPartOfProject Value="False"/>
        <UnitName Value="BGRABlend"/>
        <UsageCount Value="4"/>
        <EditorIndex Value="-1"/>
        <TopLine Value="271"/>
        <CursorPos Y="304"/>
      </Unit>
      <Unit>
        <Filename Value="..\..\..\..\..\usr\share\fpcsrc\rtl\unix\cthreads.pp"/>
        <IsPartOfProject Value="False"/>
        <UsageCount Value="4"/>
        <EditorIndex Value="-1"/>
        <TopLine Value="192"/>
        <CursorPos Y="222"/>
      </Unit>
      <Unit>
        <Filename Value="..\..\..\.lazarus\onlinepackagemanager\packages\BGRAControls\bgravirtualscreen.pas"/>
        <IsPartOfProject Value="False"/>
        <UnitName Value="BGRAVirtualScreen"/>
        <UsageCount Value="8"/>
        <EditorIndex Value="-1"/>
        <TopLine Value="36"/>
        <CursorPos X="15" Y="65"/>
      </Unit>
      <Unit>
        <Filename Value="..\lazarus\lcl\include\monitor.inc"/>
        <IsPartOfProject Value="False"/>
        <UsageCount Value="7"/>
        <EditorIndex Value="-1"/>
        <TopLine Value="3"/>
        <CursorPos Y="34"/>
      </Unit>
      <Unit>
        <Filename Value="..\..\..\.lazarus\onlinepackagemanager\packages\BGRABitmap\bgrabitmap\bgralclbitmap.pas"/>
        <IsPartOfProject Value="False"/>
        <UnitName Value="BGRALCLBitmap"/>
        <UsageCount Value="6"/>
        <EditorIndex Value="-1"/>
        <TopLine Value="451"/>
        <CursorPos Y="484"/>
      </Unit>
      <Unit>
        <Filename Value="..\lazarus\lcl\forms.pp"/>
        <IsPartOfProject Value="False"/>
        <UnitName Value="Forms"/>
        <UsageCount Value="4"/>
        <EditorIndex Value="-1"/>
        <TopLine Value="562"/>
        <CursorPos X="29" Y="592"/>
      </Unit>
      <Unit>
        <Filename Value="..\lazarus\lcl\include\customform.inc"/>
        <IsPartOfProject Value="False"/>
        <UsageCount Value="6"/>
        <EditorIndex Value="-1"/>
        <TopLine Value="3183"/>
        <CursorPos Y="3213"/>
      </Unit>
      <Unit>
        <Filename Value="..\lazarus\lcl\include\application.inc"/>
        <IsPartOfProject Value="False"/>
        <UsageCount Value="6"/>
        <EditorIndex Value="-1"/>
        <TopLine Value="2220"/>
        <CursorPos Y="2251"/>
      </Unit>
      <Unit>
        <Filename Value="..\lazarus\components\lazutils\LazLoggerIntf.inc"/>
        <IsPartOfProject Value="False"/>
        <UsageCount Value="4"/>
        <EditorIndex Value="-1"/>
        <CursorPos X="11" Y="16"/>
      </Unit>
      <Unit>
        <Filename Value="..\..\..\..\..\usr\share\fpcsrc\rtl\inc\typshrdh.inc"/>
        <IsPartOfProject Value="False"/>
        <UsageCount Value="6"/>
        <EditorIndex Value="-1"/>
        <CursorPos X="3" Y="38"/>
      </Unit>
      <Unit>
        <Filename Value="..\..\..\.lazarus\onlinepackagemanager\packages\BGRABitmap\bgrabitmap\bgrapixel.inc"/>
        <IsPartOfProject Value="False"/>
        <UsageCount Value="10"/>
        <EditorIndex Value="-1"/>
        <CursorPos X="3" Y="31"/>
      </Unit>
      <Unit>
        <Filename Value="..\..\..\.lazarus\onlinepackagemanager\packages\BGRABitmap\bgrabitmap\bgrabitmaptypes.pas"/>
        <IsPartOfProject Value="False"/>
        <UnitName Value="BGRABitmapTypes"/>
        <UsageCount Value="6"/>
        <EditorIndex Value="-1"/>
        <TopLine Value="251"/>
        <CursorPos X="22" Y="284"/>
      </Unit>
      <Unit>
        <Filename Value="..\..\..\fpcupdeluxe\lazarus\lcl\printers.pas"/>
        <IsPartOfProject Value="False"/>
        <UnitName Value="Printers"/>
        <UsageCount Value="11"/>
        <EditorIndex Value="-1"/>
        <TopLine Value="295"/>
        <CursorPos X="16" Y="321"/>
      </Unit>
      <Unit>
        <Filename Value="src\setting.pas"/>
        <UnitName Value="Setting"/>
        <UsageCount Value="128"/>
        <EditorIndex Value="-1"/>
      </Unit>
      <Unit>
        <Filename Value="src\geometryfrm1.lfm"/>
        <IsPartOfProject Value="False"/>
        <UsageCount Value="8"/>
        <EditorIndex Value="-1"/>
      </Unit>
      <Unit>
        <Filename Value="..\..\..\fpcupdeluxe\config_lazarus\onlinepackagemanager\packages\BGRAControls\bgraimagetheme.pas"/>
        <IsPartOfProject Value="False"/>
        <UnitName Value="BGRAImageTheme"/>
        <UsageCount Value="8"/>
        <EditorIndex Value="-1"/>
        <TopLine Value="5"/>
        <CursorPos Y="36"/>
      </Unit>
      <Unit>
        <Filename Value="defines.inc"/>
        <IsPartOfProject Value="False"/>
        <UsageCount Value="16"/>
        <EditorIndex Value="-1"/>
      </Unit>
      <Unit>
        <Filename Value="..\..\..\.lazarus\onlinepackagemanager\packages\BGRABitmap\bgrabitmap\bgragtkbitmap.pas"/>
        <IsPartOfProject Value="False"/>
        <UnitName Value="BGRAGtkBitmap"/>
        <UsageCount Value="8"/>
        <EditorIndex Value="-1"/>
        <TopLine Value="2"/>
        <CursorPos X="15" Y="31"/>
      </Unit>
      <Unit>
        <Filename Value="..\..\..\fpcdeluxe\config_lazarus\onlinepackagemanager\packages\BGRABitmap\bgrabitmap\bgragtkbitmap.pas"/>
        <IsPartOfProject Value="False"/>
        <UnitName Value="BGRAGtkBitmap"/>
        <UsageCount Value="8"/>
        <EditorIndex Value="-1"/>
        <CursorPos X="75" Y="30"/>
      </Unit>
      <Unit>
        <Filename Value="..\..\..\fpcdeluxe\config_lazarus\onlinepackagemanager\packages\BGRABitmap\bgrabitmap\bgradefaultbitmap.pas"/>
        <IsPartOfProject Value="False"/>
        <UnitName Value="BGRADefaultBitmap"/>
        <UsageCount Value="9"/>
        <EditorIndex Value="-1"/>
        <TopLine Value="481"/>
        <CursorPos X="14" Y="508"/>
      </Unit>
      <Unit>
        <Filename Value="..\..\..\fpcdeluxe\config_lazarus\onlinepackagemanager\packages\BGRABitmap\bgrabitmap\geometrytypes.inc"/>
        <IsPartOfProject Value="False"/>
        <UsageCount Value="9"/>
        <EditorIndex Value="-1"/>
        <TopLine Value="164"/>
        <CursorPos X="8" Y="192"/>
      </Unit>
      <Unit>
        <Filename Value="..\..\..\fpcdeluxe\config_lazarus\onlinepackagemanager\packages\BGRABitmap\bgrabitmap\bgracustombitmap.inc"/>
        <IsPartOfProject Value="False"/>
        <UsageCount Value="8"/>
        <EditorIndex Value="-1"/>
        <TopLine Value="142"/>
        <CursorPos X="6" Y="170"/>
      </Unit>
      <Unit>
        <Filename Value="..\..\..\fpcdeluxe\config_lazarus\onlinepackagemanager\packages\BGRABitmap\bgrabitmap\bgragraphics.pas"/>
        <IsPartOfProject Value="False"/>
        <UnitName Value="BGRAGraphics"/>
        <UsageCount Value="8"/>
        <EditorIndex Value="-1"/>
        <TopLine Value="86"/>
        <CursorPos X="3" Y="115"/>
      </Unit>
      <Unit>
        <Filename Value="..\..\..\fpcdeluxe\lazarus\lcl\graphics.pp"/>
        <IsPartOfProject Value="False"/>
        <UnitName Value="Graphics"/>
        <UsageCount Value="8"/>
        <EditorIndex Value="-1"/>
        <TopLine Value="115"/>
        <CursorPos X="3" Y="132"/>
      </Unit>
      <Unit>
        <Filename Value="..\..\..\fpcdeluxe\fpcsrc\packages\rtl-objpas\src\inc\system.uitypes.pp"/>
        <IsPartOfProject Value="False"/>
        <UnitName Value="System.UITypes"/>
        <UsageCount Value="8"/>
        <EditorIndex Value="-1"/>
        <TopLine Value="478"/>
        <CursorPos X="3" Y="496"/>
      </Unit>
      <Unit>
        <Filename Value="..\..\..\fpcdeluxe\fpcsrc\packages\fcl-base\src\inifiles.pp"/>
        <IsPartOfProject Value="False"/>
        <UnitName Value="IniFiles"/>
        <UsageCount Value="8"/>
        <EditorIndex Value="-1"/>
        <TopLine Value="1022"/>
        <CursorPos X="3" Y="1024"/>
      </Unit>
      <Unit>
        <Filename Value="..\..\..\fpcdeluxe\lazarus\lcl\forms.pp"/>
        <IsPartOfProject Value="False"/>
        <UnitName Value="Forms"/>
        <UsageCount Value="8"/>
        <EditorIndex Value="-1"/>
        <TopLine Value="46"/>
        <CursorPos X="3" Y="64"/>
      </Unit>
      <Unit>
        <Filename Value="..\..\..\..\..\usr\share\fpcsrc\packages\fcl-base\src\inifiles.pp"/>
        <IsPartOfProject Value="False"/>
        <UnitName Value="IniFiles"/>
        <UsageCount Value="8"/>
        <EditorIndex Value="-1"/>
        <TopLine Value="1332"/>
        <CursorPos X="3" Y="1339"/>
      </Unit>
      <Unit>
        <Filename Value="..\..\..\..\..\usr\share\fpcsrc\rtl\objpas\sysutils\sysinth.inc"/>
        <IsPartOfProject Value="False"/>
        <UsageCount Value="8"/>
        <EditorIndex Value="-1"/>
        <CursorPos X="3" Y="57"/>
      </Unit>
      <Unit>
        <Filename Value="..\..\..\.lazarus\onlinepackagemanager\packages\BGRABitmap\bgrabitmap\bgrabitmap.pas"/>
        <IsPartOfProject Value="False"/>
        <UnitName Value="BGRABitmap"/>
        <UsageCount Value="10"/>
        <EditorIndex Value="-1"/>
        <TopLine Value="108"/>
        <CursorPos X="14" Y="138"/>
      </Unit>
      <Unit>
        <Filename Value=""/>
        <IsPartOfProject Value="False"/>
        <UsageCount Value="8"/>
        <EditorIndex Value="-1"/>
      </Unit>
      <Unit>
        <Filename Value="..\adimRT\adim.pas"/>
        <IsPartOfProject Value="False"/>
        <UnitName Value="ADim"/>
        <UsageCount Value="13"/>
        <EditorIndex Value="-1"/>
        <TopLine Value="16194"/>
        <CursorPos X="3" Y="16198"/>
      </Unit>
      <Unit>
        <Filename Value="..\adimRT\scalarquantityprocs.inc"/>
        <IsPartOfProject Value="False"/>
        <UsageCount Value="10"/>
        <EditorIndex Value="-1"/>
        <CursorPos Y="7"/>
      </Unit>
      <Unit>
        <Filename Value="..\adimRT\toolkit\resources\section-B1.inc"/>
        <IsPartOfProject Value="False"/>
        <UsageCount Value="9"/>
        <EditorIndex Value="-1"/>
        <TopLine Value="1356"/>
        <CursorPos X="35" Y="1377"/>
      </Unit>
      <Unit>
        <Filename Value="libsrc\newfloatspinedit.pas"/>
        <IsPartOfProject Value="False"/>
        <UnitName Value="NewFloatSpinEdit"/>
        <UsageCount Value="8"/>
        <EditorIndex Value="-1"/>
      </Unit>
      <Unit>
        <Filename Value="libsrc\springlib.pas"/>
        <IsPartOfProject Value="False"/>
        <UnitName Value="SpringLib"/>
        <UsageCount Value="8"/>
        <EditorIndex Value="-1"/>
      </Unit>
      <Unit>
        <Filename Value="..\adimRT\scalarquantity.inc"/>
        <IsPartOfProject Value="False"/>
        <UsageCount Value="8"/>
        <EditorIndex Value="-1"/>
        <CursorPos X="3" Y="33"/>
      </Unit>
      <Unit>
        <Filename Value="..\..\..\..\..\usr\share\fpcsrc\packages\fcl-xml\src\xmltextreader.pp"/>
        <IsPartOfProject Value="False"/>
        <UsageCount Value="8"/>
        <EditorIndex Value="-1"/>
        <TopLine Value="946"/>
        <CursorPos Y="976"/>
      </Unit>
      <Unit>
        <Filename Value="src\qualityfrm3.pas"/>
        <ComponentName Value="QualityForm3"/>
        <HasResources Value="True"/>
        <ResourceBaseClass Value="Form"/>
        <UnitName Value="QualityFrm3"/>
        <UsageCount Value="28"/>
        <EditorIndex Value="-1"/>
        <TopLine Value="127"/>
        <CursorPos X="17" Y="21"/>
      </Unit>
      <Unit>
        <Filename Value="..\lazarus\lcl\include\font.inc"/>
        <IsPartOfProject Value="False"/>
        <UsageCount Value="10"/>
        <EditorIndex Value="-1"/>
        <TopLine Value="865"/>
        <CursorPos X="3" Y="874"/>
      </Unit>
    </Units>
    <JumpHistory HistoryIndex="29">
      <Position>
        <Filename Value="src\compozer.pas"/>
        <Caret Line="1784" Column="37" TopLine="1757"/>
      </Position>
      <Position>
        <Filename Value="src\compozer.pas"/>
        <Caret Line="1789" Column="37" TopLine="1762"/>
      </Position>
      <Position>
        <Filename Value="src\compozer.pas"/>
        <Caret Line="1794" Column="37" TopLine="1767"/>
      </Position>
      <Position>
        <Filename Value="src\compozer.pas"/>
        <Caret Line="2080" Column="25" TopLine="2053"/>
      </Position>
      <Position>
        <Filename Value="src\compozer.pas"/>
        <Caret Line="2088" Column="26" TopLine="2061"/>
      </Position>
      <Position>
        <Filename Value="src\compozer.pas"/>
        <Caret Line="2099" Column="26" TopLine="2072"/>
      </Position>
      <Position>
        <Filename Value="src\compozer.pas"/>
        <Caret Line="2124" Column="21" TopLine="2073"/>
      </Position>
      <Position>
        <Filename Value="src\mainfrm.pas"/>
        <Caret Line="395" Column="16" TopLine="368"/>
      </Position>
      <Position>
        <Filename Value="src\mainfrm.pas"/>
        <Caret Line="1162" Column="27" TopLine="1135"/>
      </Position>
      <Position>
        <Filename Value="src\mainfrm.pas"/>
        <Caret Line="1168" Column="27" TopLine="1139"/>
      </Position>
      <Position>
        <Filename Value="src\mainfrm.pas"/>
        <Caret Line="1174" Column="27" TopLine="1147"/>
      </Position>
      <Position>
        <Filename Value="src\mainfrm.pas"/>
        <Caret Line="1180" Column="27" TopLine="1153"/>
      </Position>
      <Position>
        <Filename Value="src\mainfrm.pas"/>
        <Caret Line="1186" Column="27" TopLine="1159"/>
      </Position>
      <Position>
        <Filename Value="src\mainfrm.pas"/>
        <Caret Line="1192" Column="27" TopLine="1165"/>
      </Position>
      <Position>
        <Filename Value="src\mainfrm.pas"/>
        <Caret Line="1198" Column="27" TopLine="1171"/>
      </Position>
      <Position>
        <Filename Value="src\mainfrm.pas"/>
        <Caret Line="1218" Column="43" TopLine="1191"/>
      </Position>
      <Position>
        <Filename Value="src\mainfrm.pas"/>
        <Caret Line="1225" Column="43" TopLine="1198"/>
      </Position>
      <Position>
        <Filename Value="src\mainfrm.pas"/>
        <Caret Line="1232" Column="43" TopLine="1205"/>
      </Position>
      <Position>
        <Filename Value="src\mainfrm.pas"/>
        <Caret Line="1260" Column="43" TopLine="1233"/>
      </Position>
      <Position>
        <Filename Value="src\mainfrm.pas"/>
        <Caret Line="1267" Column="43" TopLine="1240"/>
      </Position>
      <Position>
        <Filename Value="src\mainfrm.pas"/>
        <Caret Line="1274" Column="43" TopLine="1247"/>
      </Position>
      <Position>
        <Filename Value="src\mainfrm.pas"/>
        <Caret Line="1307" Column="43" TopLine="1273"/>
      </Position>
      <Position>
        <Filename Value="src\mainfrm.pas"/>
        <Caret Line="1330" Column="43" TopLine="1303"/>
      </Position>
      <Position>
        <Filename Value="src\mainfrm.pas"/>
        <Caret Line="1337" Column="43" TopLine="1311"/>
      </Position>
      <Position>
        <Filename Value="src\compozer.pas"/>
        <Caret Line="811" Column="49" TopLine="764"/>
      </Position>
      <Position>
        <Filename Value="libsrc\springtolerances.pas"/>
        <Caret Line="205" Column="221" TopLine="187"/>
      </Position>
      <Position>
        <Filename Value="src\compozer.pas"/>
        <Caret Line="809" Column="194" TopLine="780"/>
      </Position>
      <Position>
        <Filename Value="src\compozer.pas"/>
        <Caret Line="812" Column="123" TopLine="800"/>
      </Position>
      <Position>
        <Filename Value="src\compozer.pas"/>
        <Caret Line="842" Column="194" TopLine="813"/>
      </Position>
      <Position>
        <Filename Value="src\compozer.pas"/>
        <Caret Line="876" Column="194" TopLine="847"/>
      </Position>
    </JumpHistory>
  </ProjectOptions>
  <CompilerOptions>
    <Version Value="11"/>
    <PathDelim Value="\"/>
    <Target>
      <Filename Value="build\springonedbg"/>
    </Target>
    <SearchPaths>
      <IncludeFiles Value="$(ProjOutDir)"/>
      <Libraries Value="src"/>
      <OtherUnitFiles Value="src"/>
      <UnitOutputDirectory Value="build\lib"/>
    </SearchPaths>
    <Parsing>
      <SyntaxOptions>
        <IncludeAssertionCode Value="True"/>
      </SyntaxOptions>
    </Parsing>
    <CodeGeneration>
      <Checks>
        <IOChecks Value="True"/>
        <RangeChecks Value="True"/>
        <OverflowChecks Value="True"/>
        <StackChecks Value="True"/>
      </Checks>
      <VerifyObjMethodCallValidity Value="True"/>
      <Optimizations>
        <OptimizationLevel Value="0"/>
      </Optimizations>
    </CodeGeneration>
    <Linking>
      <Debugging>
        <DebugInfoType Value="dsDwarf3"/>
        <UseHeaptrc Value="True"/>
      </Debugging>
    </Linking>
  </CompilerOptions>
  <Debugging>
    <Watches>
      <Item>
        <Expression Value="FLoadF2"/>
      </Item>
    </Watches>
  </Debugging>
</CONFIG>
